<?xml version="1.0" encoding="utf-8"?>
<Project ToolsVersion="4.0" xmlns="http://schemas.microsoft.com/developer/msbuild/2003">
  <ItemGroup>
    <Filter Include="Oki">
      <UniqueIdentifier>{2811880B-941A-887C-1D96-9E7C899E937C}</UniqueIdentifier>
    </Filter>
    <Filter Include="Oki\Events">
      <UniqueIdentifier>{0CE069D7-F897-AB24-619F-84804D764615}</UniqueIdentifier>
    </Filter>
    <Filter Include="Oki\ImGui">
      <UniqueIdentifier>{52C4B2A9-BE2E-6720-076D-18C673164575}</UniqueIdentifier>
    </Filter>
    <Filter Include="Platform">
      <UniqueIdentifier>{2AC788B4-1694-E3BF-3FAD-D1672BD9184E}</UniqueIdentifier>
    </Filter>
    <Filter Include="Platform\OpenGL">
      <UniqueIdentifier>{1E7D2C1D-8A08-9AE1-9319-1DD6FF23F6E1}</UniqueIdentifier>
    </Filter>
    <Filter Include="Platform\Windows">
      <UniqueIdentifier>{64FBD71A-50F4-F66C-7926-DCF1657ED678}</UniqueIdentifier>
    </Filter>
  </ItemGroup>
  <ItemGroup>
    <ClInclude Include="src\Oki.h" />
    <ClInclude Include="src\Oki\Application.h">
      <Filter>Oki</Filter>
    </ClInclude>
    <ClInclude Include="src\Oki\Core.h">
      <Filter>Oki</Filter>
    </ClInclude>
    <ClInclude Include="src\Oki\EntryPoint.h">
      <Filter>Oki</Filter>
    </ClInclude>
    <ClInclude Include="src\Oki\Events\ApplicationEvent.h">
      <Filter>Oki\Events</Filter>
    </ClInclude>
    <ClInclude Include="src\Oki\Events\Event.h">
      <Filter>Oki\Events</Filter>
    </ClInclude>
    <ClInclude Include="src\Oki\Events\KeyEvent.h">
      <Filter>Oki\Events</Filter>
    </ClInclude>
    <ClInclude Include="src\Oki\Events\MouseEvent.h">
      <Filter>Oki\Events</Filter>
    </ClInclude>
    <ClInclude Include="src\Oki\ImGui\ImGuiLayer.h">
      <Filter>Oki\ImGui</Filter>
    </ClInclude>
    <ClInclude Include="src\Oki\Input.h">
      <Filter>Oki</Filter>
    </ClInclude>
    <ClInclude Include="src\Oki\Layer.h">
      <Filter>Oki</Filter>
    </ClInclude>
    <ClInclude Include="src\Oki\LayerStack.h">
      <Filter>Oki</Filter>
    </ClInclude>
    <ClInclude Include="src\Oki\Log.h">
      <Filter>Oki</Filter>
    </ClInclude>
    <ClInclude Include="src\Oki\Window.h">
      <Filter>Oki</Filter>
    </ClInclude>
    <ClInclude Include="src\Platform\OpenGL\ImGuiOpenGLRenderer.h">
      <Filter>Platform\OpenGL</Filter>
    </ClInclude>
    <ClInclude Include="src\Platform\Windows\WindowsInput.h">
      <Filter>Platform\Windows</Filter>
    </ClInclude>
    <ClInclude Include="src\Platform\Windows\WindowsWindow.h">
      <Filter>Platform\Windows</Filter>
    </ClInclude>
    <ClInclude Include="src\okipch.h" />
    <ClInclude Include="src\Oki\KeyCodes.h" />
    <ClInclude Include="src\Oki\MouseButtonCodes.h" />
  </ItemGroup>
  <ItemGroup>
    <ClCompile Include="src\Oki\Application.cpp">
      <Filter>Oki</Filter>
    </ClCompile>
    <ClCompile Include="src\Oki\ImGui\ImGuiLayer.cpp">
      <Filter>Oki\ImGui</Filter>
    </ClCompile>
    <ClCompile Include="src\Oki\Layer.cpp">
      <Filter>Oki</Filter>
    </ClCompile>
    <ClCompile Include="src\Oki\LayerStack.cpp">
      <Filter>Oki</Filter>
    </ClCompile>
    <ClCompile Include="src\Oki\Log.cpp">
      <Filter>Oki</Filter>
    </ClCompile>
    <ClCompile Include="src\Platform\OpenGL\ImGuiOpenGLRenderer.cpp">
      <Filter>Platform\OpenGL</Filter>
    </ClCompile>
    <ClCompile Include="src\Platform\Windows\WindowsInput.cpp">
      <Filter>Platform\Windows</Filter>
    </ClCompile>
    <ClCompile Include="src\Platform\Windows\WindowsWindow.cpp">
      <Filter>Platform\Windows</Filter>
    </ClCompile>
    <ClCompile Include="src\okipch.cpp" />
  </ItemGroup>
</Project>